
Microsoft Visual Studio Solution File, Format Version 12.00
# Visual Studio Version 16
VisualStudioVersion = 16.0.30523.141
MinimumVisualStudioVersion = 10.0.40219.1
Project("{FAE04EC0-301F-11D3-BF4B-00C04F79EFBC}") = "Web", "Web\Web.csproj", "{DC0086FE-5B5F-4C98-9EE9-52C48FDF618E}"
EndProject
Project("{FAE04EC0-301F-11D3-BF4B-00C04F79EFBC}") = "Core", "Core\Core.csproj", "{58F1DD24-099B-42B7-8520-7DACBDEEE50E}"
EndProject
Project("{FAE04EC0-301F-11D3-BF4B-00C04F79EFBC}") = "Infrastructure", "Infrastructure\Infrastructure.csproj", "{8D117707-82B9-4100-822C-9DD2EBFEC687}"
EndProject
Global
	GlobalSection(SolutionConfigurationPlatforms) = preSolution
		Debug|Any CPU = Debug|Any CPU
		Release|Any CPU = Release|Any CPU
	EndGlobalSection
	GlobalSection(ProjectConfigurationPlatforms) = postSolution
		{DC0086FE-5B5F-4C98-9EE9-52C48FDF618E}.Debug|Any CPU.ActiveCfg = Debug|Any CPU
		{DC0086FE-5B5F-4C98-9EE9-52C48FDF618E}.Debug|Any CPU.Build.0 = Debug|Any CPU
		{DC0086FE-5B5F-4C98-9EE9-52C48FDF618E}.Release|Any CPU.ActiveCfg = Release|Any CPU
		{DC0086FE-5B5F-4C98-9EE9-52C48FDF618E}.Release|Any CPU.Build.0 = Release|Any CPU
		{58F1DD24-099B-42B7-8520-7DACBDEEE50E}.Debug|Any CPU.ActiveCfg = Debug|Any CPU
		{58F1DD24-099B-42B7-8520-7DACBDEEE50E}.Debug|Any CPU.Build.0 = Debug|Any CPU
		{58F1DD24-099B-42B7-8520-7DACBDEEE50E}.Release|Any CPU.ActiveCfg = Release|Any CPU
		{58F1DD24-099B-42B7-8520-7DACBDEEE50E}.Release|Any CPU.Build.0 = Release|Any CPU
		{8D117707-82B9-4100-822C-9DD2EBFEC687}.Debug|Any CPU.ActiveCfg = Debug|Any CPU
		{8D117707-82B9-4100-822C-9DD2EBFEC687}.Debug|Any CPU.Build.0 = Debug|Any CPU
		{8D117707-82B9-4100-822C-9DD2EBFEC687}.Release|Any CPU.ActiveCfg = Release|Any CPU
		{8D117707-82B9-4100-822C-9DD2EBFEC687}.Release|Any CPU.Build.0 = Release|Any CPU
	EndGlobalSection
	GlobalSection(SolutionProperties) = preSolution
		HideSolutionNode = FALSE
	EndGlobalSection
	GlobalSection(ExtensibilityGlobals) = postSolution
		SolutionGuid = {32C32D89-D38D-4B7D-8724-E1F977B57C3F}
	EndGlobalSection
EndGlobal
